
Microsoft Visual Studio Solution File, Format Version 12.00
# Visual Studio Version 17
VisualStudioVersion = 17.11.35219.272
MinimumVisualStudioVersion = 10.0.40219.1
Project("{FAE04EC0-301F-11D3-BF4B-00C04F79EFBC}") = "TaskLap", "TaskLap\TaskLap.csproj", "{57EB9DBC-E49E-403E-BA68-6D7064E92944}"
EndProject
Global
	GlobalSection(SolutionConfigurationPlatforms) = preSolution
		Debug|Any CPU = Debug|Any CPU
		Release|Any CPU = Release|Any CPU
	EndGlobalSection
	GlobalSection(ProjectConfigurationPlatforms) = postSolution
		{57EB9DBC-E49E-403E-BA68-6D7064E92944}.Debug|Any CPU.ActiveCfg = Debug|Any CPU
		{57EB9DBC-E49E-403E-BA68-6D7064E92944}.Debug|Any CPU.Build.0 = Debug|Any CPU
		{57EB9DBC-E49E-403E-BA68-6D7064E92944}.Release|Any CPU.ActiveCfg = Release|Any CPU
		{57EB9DBC-E49E-403E-BA68-6D7064E92944}.Release|Any CPU.Build.0 = Release|Any CPU
	EndGlobalSection
	GlobalSection(SolutionProperties) = preSolution
		HideSolutionNode = FALSE
	EndGlobalSection
	GlobalSection(ExtensibilityGlobals) = postSolution
		SolutionGuid = {8619C57B-F47A-404A-8154-2B0BF6C1A8D0}
	EndGlobalSection
EndGlobal
